
Microsoft Visual Studio Solution File, Format Version 12.00
# Visual Studio 15
VisualStudioVersion = 15.0.28010.2048
MinimumVisualStudioVersion = 10.0.40219.1
Project("{FAE04EC0-301F-11D3-BF4B-00C04F79EFBC}") = "Hw.Console", "Hw.Console\Hw.Console.csproj", "{D4F87302-62AA-479E-9C48-2F42538CD616}"
EndProject
Project("{9A19103F-16F7-4668-BE54-9A1E7A4F7556}") = "Hw.DataModels", "Hw.DataModels\Hw.DataModels.csproj", "{D2A8EAA7-F7BC-4F6D-BDC2-CB912D89C0EA}"
EndProject
Project("{9A19103F-16F7-4668-BE54-9A1E7A4F7556}") = "Hw.BusinessLogic", "Hw.BusinessLogic\Hw.BusinessLogic.csproj", "{7C818FB1-7C22-4281-B2DF-274D282EF610}"
EndProject
Project("{9A19103F-16F7-4668-BE54-9A1E7A4F7556}") = "Hw.DataAccess", "Hw.DataAccess\Hw.DataAccess.csproj", "{8B3D1348-857C-4155-B43C-9128F0B29852}"
EndProject
Project("{FAE04EC0-301F-11D3-BF4B-00C04F79EFBC}") = "Hw.Tests", "Hw.Tests\Hw.Tests.csproj", "{9C32AEEC-A9BC-44E2-86B4-9C9EA04CA897}"
EndProject
Global
	GlobalSection(SolutionConfigurationPlatforms) = preSolution
		Debug|Any CPU = Debug|Any CPU
		Release|Any CPU = Release|Any CPU
	EndGlobalSection
	GlobalSection(ProjectConfigurationPlatforms) = postSolution
		{D4F87302-62AA-479E-9C48-2F42538CD616}.Debug|Any CPU.ActiveCfg = Debug|Any CPU
		{D4F87302-62AA-479E-9C48-2F42538CD616}.Debug|Any CPU.Build.0 = Debug|Any CPU
		{D4F87302-62AA-479E-9C48-2F42538CD616}.Release|Any CPU.ActiveCfg = Release|Any CPU
		{D4F87302-62AA-479E-9C48-2F42538CD616}.Release|Any CPU.Build.0 = Release|Any CPU
		{D2A8EAA7-F7BC-4F6D-BDC2-CB912D89C0EA}.Debug|Any CPU.ActiveCfg = Debug|Any CPU
		{D2A8EAA7-F7BC-4F6D-BDC2-CB912D89C0EA}.Debug|Any CPU.Build.0 = Debug|Any CPU
		{D2A8EAA7-F7BC-4F6D-BDC2-CB912D89C0EA}.Release|Any CPU.ActiveCfg = Release|Any CPU
		{D2A8EAA7-F7BC-4F6D-BDC2-CB912D89C0EA}.Release|Any CPU.Build.0 = Release|Any CPU
		{7C818FB1-7C22-4281-B2DF-274D282EF610}.Debug|Any CPU.ActiveCfg = Debug|Any CPU
		{7C818FB1-7C22-4281-B2DF-274D282EF610}.Debug|Any CPU.Build.0 = Debug|Any CPU
		{7C818FB1-7C22-4281-B2DF-274D282EF610}.Release|Any CPU.ActiveCfg = Release|Any CPU
		{7C818FB1-7C22-4281-B2DF-274D282EF610}.Release|Any CPU.Build.0 = Release|Any CPU
		{8B3D1348-857C-4155-B43C-9128F0B29852}.Debug|Any CPU.ActiveCfg = Debug|Any CPU
		{8B3D1348-857C-4155-B43C-9128F0B29852}.Debug|Any CPU.Build.0 = Debug|Any CPU
		{8B3D1348-857C-4155-B43C-9128F0B29852}.Release|Any CPU.ActiveCfg = Release|Any CPU
		{8B3D1348-857C-4155-B43C-9128F0B29852}.Release|Any CPU.Build.0 = Release|Any CPU
		{9C32AEEC-A9BC-44E2-86B4-9C9EA04CA897}.Debug|Any CPU.ActiveCfg = Debug|Any CPU
		{9C32AEEC-A9BC-44E2-86B4-9C9EA04CA897}.Debug|Any CPU.Build.0 = Debug|Any CPU
		{9C32AEEC-A9BC-44E2-86B4-9C9EA04CA897}.Release|Any CPU.ActiveCfg = Release|Any CPU
		{9C32AEEC-A9BC-44E2-86B4-9C9EA04CA897}.Release|Any CPU.Build.0 = Release|Any CPU
	EndGlobalSection
	GlobalSection(SolutionProperties) = preSolution
		HideSolutionNode = FALSE
	EndGlobalSection
	GlobalSection(ExtensibilityGlobals) = postSolution
		SolutionGuid = {9A304572-AED7-416C-9727-39203C8CDA05}
	EndGlobalSection
EndGlobal
